schema: '2.0'
stages:
  feature_engineering:
    cmd: uv run --group train python src/features/FeatureEngineering.py 
      --raw-input data/raw/transactions.csv --valid-start 2024-01-01 
      --test-start 2024-04-01 --train-log-output 
      data/processed/train_log.parquet --test-log-output 
      data/processed/test_log.parquet --valid-log-output 
      data/processed/valid_log.parquet --train-tree-output 
      data/processed/train_tree.parquet --test-tree-output 
      data/processed/test_tree.parquet --valid-tree-output 
      data/processed/valid_tree.parquet --fe-params-output 
      models/trained/fe_params.pkl --onehot-encoder-output 
      models/artifacts/onehot_encoder.pkl --scaler-output 
      models/artifacts/scaler.pkl --label-encoders-output 
      models/artifacts/label_encoders.pkl
    deps:
    - path: data/raw/transactions.csv
      hash: md5
      md5: 6cb22f0a06e6aead4da21efeb350f523
      size: 128163843
    - path: src/features/FeatureEngineering.py
      hash: md5
      md5: 421ca48513c042e48405e7130afa7f21
      size: 15118
    - path: src/features/contracts.py
      hash: md5
      md5: e6c1b19680d0d69609d13650ffca12e5
      size: 737
    params:
      params.yaml:
        data:
          raw_path: data/raw/transactions.csv
          train_log_path: data/processed/train_log.parquet
          valid_log_path: data/processed/valid_log.parquet
          test_log_path: data/processed/test_log.parquet
          train_tree_path: data/processed/train_tree.parquet
          valid_tree_path: data/processed/valid_tree.parquet
          test_tree_path: data/processed/test_tree.parquet
        split:
          valid_start: '2024-01-01'
          test_start: '2024-04-01'
    outs:
    - path: data/processed/test_log.parquet
      hash: md5
      md5: 895186a34f7f66985f82c11116366220
      size: 7005613
    - path: data/processed/test_tree.parquet
      hash: md5
      md5: 7e4c457642a39a12bc10adb12b67e004
      size: 6390628
    - path: data/processed/train_log.parquet
      hash: md5
      md5: 73324719d06bdb912979b1a24cb76a95
      size: 16786920
    - path: data/processed/train_tree.parquet
      hash: md5
      md5: 6376ae9ed10df08fba878ad659e69a39
      size: 15290966
    - path: data/processed/valid_log.parquet
      hash: md5
      md5: 097ff21db4977570f62e0b5514adc0e7
      size: 2717795
    - path: data/processed/valid_tree.parquet
      hash: md5
      md5: 4a2976caa61162490dcd0a7237118bb0
      size: 2463690
    - path: models/artifacts/label_encoders.pkl
      hash: md5
      md5: 7aebac62a66d56c3328d2086d9ad17cd
      size: 2186
    - path: models/artifacts/onehot_encoder.pkl
      hash: md5
      md5: 158a5af0cd66eb191d890cd994cfc236
      size: 2539
    - path: models/artifacts/scaler.pkl
      hash: md5
      md5: 53f148ef99fe1c0267ae0bedc86327af
      size: 1671
    - path: models/trained/fe_params.pkl
      hash: md5
      md5: 850d7b88b484720f332f8df1542249f2
      size: 174
  train_models:
    cmd: uv run --group train python src/model/train_models.py --config 
      configs/model_config.yaml --train-log data/processed/train_log.parquet 
      --valid-log data/processed/valid_log.parquet --train-tree 
      data/processed/train_tree.parquet --valid-tree 
      data/processed/valid_tree.parquet --reports-dir reports/training 
      --mlflow-tracking-uri http://localhost:5555
    deps:
    - path: configs/model_config.yaml
      hash: md5
      md5: ebf6fef094fcc17d84f1bbc42ab44097
      size: 1150
    - path: data/processed/train_log.parquet
      hash: md5
      md5: 73324719d06bdb912979b1a24cb76a95
      size: 16786920
    - path: data/processed/train_tree.parquet
      hash: md5
      md5: 6376ae9ed10df08fba878ad659e69a39
      size: 15290966
    - path: data/processed/valid_log.parquet
      hash: md5
      md5: 097ff21db4977570f62e0b5514adc0e7
      size: 2717795
    - path: data/processed/valid_tree.parquet
      hash: md5
      md5: 4a2976caa61162490dcd0a7237118bb0
      size: 2463690
    - path: src/model/train_models.py
      hash: md5
      md5: 30ea6c596d19a534bbcae9f4b2772e24
      size: 14187
    params:
      params.yaml:
        data:
          raw_path: data/raw/transactions.csv
          train_log_path: data/processed/train_log.parquet
          valid_log_path: data/processed/valid_log.parquet
          test_log_path: data/processed/test_log.parquet
          train_tree_path: data/processed/train_tree.parquet
          valid_tree_path: data/processed/valid_tree.parquet
          test_tree_path: data/processed/test_tree.parquet
        mlflow:
          tracking_uri: http://localhost:5555
        paths:
          reports_dir: reports/training
          models_dir: models
    outs:
    - path: reports/training/baseline_leaderboard.csv
      hash: md5
      md5: 3000b30d52b9217bb97364939f663e53
      size: 1519
    - path: reports/training/best_model.json
      hash: md5
      md5: 8efa51172905e3a6c7a39b0fef9ece49
      size: 362
  tune_model:
    cmd: uv run --group train python src/model/tune_model.py --config 
      configs/model_config.yaml --best-model-json 
      reports/training/best_model.json --train-log 
      data/processed/train_log.parquet --valid-log 
      data/processed/valid_log.parquet --test-log 
      data/processed/test_log.parquet --train-tree 
      data/processed/train_tree.parquet --valid-tree 
      data/processed/valid_tree.parquet --test-tree 
      data/processed/test_tree.parquet --models-dir models --fe-params 
      models/trained/fe_params.pkl --mlflow-tracking-uri http://localhost:5555 
      --n-trials 2 --precision-floor 0.65 --threshold-step 0.01
    deps:
    - path: configs/model_config.yaml
      hash: md5
      md5: ebf6fef094fcc17d84f1bbc42ab44097
      size: 1150
    - path: data/processed/test_log.parquet
      hash: md5
      md5: 895186a34f7f66985f82c11116366220
      size: 7005613
    - path: data/processed/test_tree.parquet
      hash: md5
      md5: 7e4c457642a39a12bc10adb12b67e004
      size: 6390628
    - path: data/processed/train_log.parquet
      hash: md5
      md5: 73324719d06bdb912979b1a24cb76a95
      size: 16786920
    - path: data/processed/train_tree.parquet
      hash: md5
      md5: 6376ae9ed10df08fba878ad659e69a39
      size: 15290966
    - path: data/processed/valid_log.parquet
      hash: md5
      md5: 097ff21db4977570f62e0b5514adc0e7
      size: 2717795
    - path: data/processed/valid_tree.parquet
      hash: md5
      md5: 4a2976caa61162490dcd0a7237118bb0
      size: 2463690
    - path: models/trained/fe_params.pkl
      hash: md5
      md5: 850d7b88b484720f332f8df1542249f2
      size: 174
    - path: reports/training/best_model.json
      hash: md5
      md5: 8efa51172905e3a6c7a39b0fef9ece49
      size: 362
    - path: src/model/tune_model.py
      hash: md5
      md5: 842df69985dd1b58123c322a7b43dfba
      size: 24679
    params:
      params.yaml:
        data:
          raw_path: data/raw/transactions.csv
          train_log_path: data/processed/train_log.parquet
          valid_log_path: data/processed/valid_log.parquet
          test_log_path: data/processed/test_log.parquet
          train_tree_path: data/processed/train_tree.parquet
          valid_tree_path: data/processed/valid_tree.parquet
          test_tree_path: data/processed/test_tree.parquet
        mlflow:
          tracking_uri: http://localhost:5555
        paths:
          reports_dir: reports/training
          models_dir: models
        tune:
          n_trials: 2
          precision_floor: 0.65
          threshold_step: 0.01
    outs:
    - path: models/trained/model_columns.pkl
      hash: md5
      md5: 269d9178036b94cf91e36270c0493f5e
      size: 470
    - path: models/trained/trained_model.pkl
      hash: md5
      md5: a17e440b2bf08e9d865fc7ae4375466e
      size: 3760052
    - path: models/trained/trained_model_meta.json
      hash: md5
      md5: 273f245b026be11a15080d12693dab9f
      size: 1990
    - path: models/trained/tuning_pr_auc_by_trial.png
      hash: md5
      md5: b5057bb77c294f2e308d0eb1d3304605
      size: 50098
